
Microsoft Visual Studio Solution File, Format Version 12.00
# Visual Studio Version 16
VisualStudioVersion = 16.0.32413.511
MinimumVisualStudioVersion = 10.0.40219.1
Project("{FAE04EC0-301F-11D3-BF4B-00C04F79EFBC}") = "ConsoleApp3", "ConsoleApp3\ConsoleApp3.csproj", "{D1181C63-6682-4C69-92D8-E9818808B1EA}"
EndProject
Global
	GlobalSection(SolutionConfigurationPlatforms) = preSolution
		Debug|Any CPU = Debug|Any CPU
		Release|Any CPU = Release|Any CPU
	EndGlobalSection
	GlobalSection(ProjectConfigurationPlatforms) = postSolution
		{D1181C63-6682-4C69-92D8-E9818808B1EA}.Debug|Any CPU.ActiveCfg = Debug|Any CPU
		{D1181C63-6682-4C69-92D8-E9818808B1EA}.Debug|Any CPU.Build.0 = Debug|Any CPU
		{D1181C63-6682-4C69-92D8-E9818808B1EA}.Release|Any CPU.ActiveCfg = Release|Any CPU
		{D1181C63-6682-4C69-92D8-E9818808B1EA}.Release|Any CPU.Build.0 = Release|Any CPU
	EndGlobalSection
	GlobalSection(SolutionProperties) = preSolution
		HideSolutionNode = FALSE
	EndGlobalSection
	GlobalSection(ExtensibilityGlobals) = postSolution
		SolutionGuid = {3B3F5BA9-FD0C-4757-A639-3E1D8F594907}
	EndGlobalSection
EndGlobal
